
Microsoft Visual Studio Solution File, Format Version 12.00
# Visual Studio Version 16
VisualStudioVersion = 16.0.31624.102
MinimumVisualStudioVersion = 10.0.40219.1
Project("{9A19103F-16F7-4668-BE54-9A1E7A4F7556}") = "SantaTalk.Functions", "SantaTalk.Functions\SantaTalk.Functions.csproj", "{9AC6FFF3-A4E4-4AAF-8072-0008DC623DDE}"
EndProject
Project("{9A19103F-16F7-4668-BE54-9A1E7A4F7556}") = "SantaTalk.Models", "SantaTalk.Models\SantaTalk.Models.csproj", "{0765B6A9-2055-455F-864C-74DCFC6C04FC}"
EndProject
Project("{2150E333-8FDC-42A3-9474-1A3956D46DE8}") = "Functions", "Functions", "{07CD369C-AA0B-42ED-A22E-0CF60CB75B14}"
EndProject
Project("{2150E333-8FDC-42A3-9474-1A3956D46DE8}") = "Libraries", "Libraries", "{4EDD3E3C-6D86-4FC3-927A-E5861888946B}"
EndProject
Project("{2150E333-8FDC-42A3-9474-1A3956D46DE8}") = "Mobile", "Mobile", "{591204F8-5392-4CC3-8266-BD0A668A46CE}"
EndProject
Project("{FAE04EC0-301F-11D3-BF4B-00C04F79EFBC}") = "SantaTalk.Mobile.UWP", "SantaTalk.Mobile\SantaTalk.Mobile.UWP\SantaTalk.Mobile.UWP.csproj", "{67CD593F-246C-41B1-AAC4-74403428A9FD}"
EndProject
Project("{FAE04EC0-301F-11D3-BF4B-00C04F79EFBC}") = "SantaTalk.Mobile.Android", "SantaTalk.Mobile\SantaTalk.Mobile.Android\SantaTalk.Mobile.Android.csproj", "{08E81BDF-EE54-4980-9B52-014A0CB956F3}"
EndProject
Project("{FAE04EC0-301F-11D3-BF4B-00C04F79EFBC}") = "SantaTalk.Mobile.iOS", "SantaTalk.Mobile\SantaTalk.Mobile.iOS\SantaTalk.Mobile.iOS.csproj", "{1A1D9960-77DC-4616-BE52-591285FF00FD}"
EndProject
Project("{9A19103F-16F7-4668-BE54-9A1E7A4F7556}") = "SantaTalk.Mobile", "SantaTalk.Mobile\SantaTalk.Mobile\SantaTalk.Mobile.csproj", "{6280EB7B-D00C-4834-A69B-7C6853CB21F6}"
EndProject
Global
	GlobalSection(SolutionConfigurationPlatforms) = preSolution
		Debug|Any CPU = Debug|Any CPU
		Debug|ARM = Debug|ARM
		Debug|iPhone = Debug|iPhone
		Debug|iPhoneSimulator = Debug|iPhoneSimulator
		Debug|x64 = Debug|x64
		Debug|x86 = Debug|x86
		Release|Any CPU = Release|Any CPU
		Release|ARM = Release|ARM
		Release|iPhone = Release|iPhone
		Release|iPhoneSimulator = Release|iPhoneSimulator
		Release|x64 = Release|x64
		Release|x86 = Release|x86
	EndGlobalSection
	GlobalSection(ProjectConfigurationPlatforms) = postSolution
		{9AC6FFF3-A4E4-4AAF-8072-0008DC623DDE}.Debug|Any CPU.ActiveCfg = Debug|Any CPU
		{9AC6FFF3-A4E4-4AAF-8072-0008DC623DDE}.Debug|Any CPU.Build.0 = Debug|Any CPU
		{9AC6FFF3-A4E4-4AAF-8072-0008DC623DDE}.Debug|ARM.ActiveCfg = Debug|Any CPU
		{9AC6FFF3-A4E4-4AAF-8072-0008DC623DDE}.Debug|ARM.Build.0 = Debug|Any CPU
		{9AC6FFF3-A4E4-4AAF-8072-0008DC623DDE}.Debug|iPhone.ActiveCfg = Debug|Any CPU
		{9AC6FFF3-A4E4-4AAF-8072-0008DC623DDE}.Debug|iPhone.Build.0 = Debug|Any CPU
		{9AC6FFF3-A4E4-4AAF-8072-0008DC623DDE}.Debug|iPhoneSimulator.ActiveCfg = Debug|Any CPU
		{9AC6FFF3-A4E4-4AAF-8072-0008DC623DDE}.Debug|iPhoneSimulator.Build.0 = Debug|Any CPU
		{9AC6FFF3-A4E4-4AAF-8072-0008DC623DDE}.Debug|x64.ActiveCfg = Debug|Any CPU
		{9AC6FFF3-A4E4-4AAF-8072-0008DC623DDE}.Debug|x64.Build.0 = Debug|Any CPU
		{9AC6FFF3-A4E4-4AAF-8072-0008DC623DDE}.Debug|x86.ActiveCfg = Debug|Any CPU
		{9AC6FFF3-A4E4-4AAF-8072-0008DC623DDE}.Debug|x86.Build.0 = Debug|Any CPU
		{9AC6FFF3-A4E4-4AAF-8072-0008DC623DDE}.Release|Any CPU.ActiveCfg = Release|Any CPU
		{9AC6FFF3-A4E4-4AAF-8072-0008DC623DDE}.Release|Any CPU.Build.0 = Release|Any CPU
		{9AC6FFF3-A4E4-4AAF-8072-0008DC623DDE}.Release|ARM.ActiveCfg = Release|Any CPU
		{9AC6FFF3-A4E4-4AAF-8072-0008DC623DDE}.Release|ARM.Build.0 = Release|Any CPU
		{9AC6FFF3-A4E4-4AAF-8072-0008DC623DDE}.Release|iPhone.ActiveCfg = Release|Any CPU
		{9AC6FFF3-A4E4-4AAF-8072-0008DC623DDE}.Release|iPhone.Build.0 = Release|Any CPU
		{9AC6FFF3-A4E4-4AAF-8072-0008DC623DDE}.Release|iPhoneSimulator.ActiveCfg = Release|Any CPU
		{9AC6FFF3-A4E4-4AAF-8072-0008DC623DDE}.Release|iPhoneSimulator.Build.0 = Release|Any CPU
		{9AC6FFF3-A4E4-4AAF-8072-0008DC623DDE}.Release|x64.ActiveCfg = Release|Any CPU
		{9AC6FFF3-A4E4-4AAF-8072-0008DC623DDE}.Release|x64.Build.0 = Release|Any CPU
		{9AC6FFF3-A4E4-4AAF-8072-0008DC623DDE}.Release|x86.ActiveCfg = Release|Any CPU
		{9AC6FFF3-A4E4-4AAF-8072-0008DC623DDE}.Release|x86.Build.0 = Release|Any CPU
		{0765B6A9-2055-455F-864C-74DCFC6C04FC}.Debug|Any CPU.ActiveCfg = Debug|Any CPU
		{0765B6A9-2055-455F-864C-74DCFC6C04FC}.Debug|Any CPU.Build.0 = Debug|Any CPU
		{0765B6A9-2055-455F-864C-74DCFC6C04FC}.Debug|ARM.ActiveCfg = Debug|Any CPU
		{0765B6A9-2055-455F-864C-74DCFC6C04FC}.Debug|ARM.Build.0 = Debug|Any CPU
		{0765B6A9-2055-455F-864C-74DCFC6C04FC}.Debug|iPhone.ActiveCfg = Debug|Any CPU
		{0765B6A9-2055-455F-864C-74DCFC6C04FC}.Debug|iPhone.Build.0 = Debug|Any CPU
		{0765B6A9-2055-455F-864C-74DCFC6C04FC}.Debug|iPhoneSimulator.ActiveCfg = Debug|Any CPU
		{0765B6A9-2055-455F-864C-74DCFC6C04FC}.Debug|iPhoneSimulator.Build.0 = Debug|Any CPU
		{0765B6A9-2055-455F-864C-74DCFC6C04FC}.Debug|x64.ActiveCfg = Debug|Any CPU
		{0765B6A9-2055-455F-864C-74DCFC6C04FC}.Debug|x64.Build.0 = Debug|Any CPU
		{0765B6A9-2055-455F-864C-74DCFC6C04FC}.Debug|x86.ActiveCfg = Debug|Any CPU
		{0765B6A9-2055-455F-864C-74DCFC6C04FC}.Debug|x86.Build.0 = Debug|Any CPU
		{0765B6A9-2055-455F-864C-74DCFC6C04FC}.Release|Any CPU.ActiveCfg = Release|Any CPU
		{0765B6A9-2055-455F-864C-74DCFC6C04FC}.Release|Any CPU.Build.0 = Release|Any CPU
		{0765B6A9-2055-455F-864C-74DCFC6C04FC}.Release|ARM.ActiveCfg = Release|Any CPU
		{0765B6A9-2055-455F-864C-74DCFC6C04FC}.Release|ARM.Build.0 = Release|Any CPU
		{0765B6A9-2055-455F-864C-74DCFC6C04FC}.Release|iPhone.ActiveCfg = Release|Any CPU
		{0765B6A9-2055-455F-864C-74DCFC6C04FC}.Release|iPhone.Build.0 = Release|Any CPU
		{0765B6A9-2055-455F-864C-74DCFC6C04FC}.Release|iPhoneSimulator.ActiveCfg = Release|Any CPU
		{0765B6A9-2055-455F-864C-74DCFC6C04FC}.Release|iPhoneSimulator.Build.0 = Release|Any CPU
		{0765B6A9-2055-455F-864C-74DCFC6C04FC}.Release|x64.ActiveCfg = Release|Any CPU
		{0765B6A9-2055-455F-864C-74DCFC6C04FC}.Release|x64.Build.0 = Release|Any CPU
		{0765B6A9-2055-455F-864C-74DCFC6C04FC}.Release|x86.ActiveCfg = Release|Any CPU
		{0765B6A9-2055-455F-864C-74DCFC6C04FC}.Release|x86.Build.0 = Release|Any CPU
		{67CD593F-246C-41B1-AAC4-74403428A9FD}.Debug|Any CPU.ActiveCfg = Debug|x86
		{67CD593F-246C-41B1-AAC4-74403428A9FD}.Debug|Any CPU.Deploy.0 = Debug|x86
		{67CD593F-246C-41B1-AAC4-74403428A9FD}.Debug|ARM.ActiveCfg = Debug|ARM
		{67CD593F-246C-41B1-AAC4-74403428A9FD}.Debug|ARM.Build.0 = Debug|ARM
		{67CD593F-246C-41B1-AAC4-74403428A9FD}.Debug|ARM.Deploy.0 = Debug|ARM
		{67CD593F-246C-41B1-AAC4-74403428A9FD}.Debug|iPhone.ActiveCfg = Debug|x86
		{67CD593F-246C-41B1-AAC4-74403428A9FD}.Debug|iPhoneSimulator.ActiveCfg = Debug|x86
		{67CD593F-246C-41B1-AAC4-74403428A9FD}.Debug|x64.ActiveCfg = Debug|x64
		{67CD593F-246C-41B1-AAC4-74403428A9FD}.Debug|x64.Build.0 = Debug|x64
		{67CD593F-246C-41B1-AAC4-74403428A9FD}.Debug|x64.Deploy.0 = Debug|x64
		{67CD593F-246C-41B1-AAC4-74403428A9FD}.Debug|x86.ActiveCfg = Debug|x86
		{67CD593F-246C-41B1-AAC4-74403428A9FD}.Debug|x86.Build.0 = Debug|x86
		{67CD593F-246C-41B1-AAC4-74403428A9FD}.Debug|x86.Deploy.0 = Debug|x86
		{67CD593F-246C-41B1-AAC4-74403428A9FD}.Release|Any CPU.ActiveCfg = Release|x86
		{67CD593F-246C-41B1-AAC4-74403428A9FD}.Release|ARM.ActiveCfg = Release|ARM
		{67CD593F-246C-41B1-AAC4-74403428A9FD}.Release|ARM.Build.0 = Release|ARM
		{67CD593F-246C-41B1-AAC4-74403428A9FD}.Release|ARM.Deploy.0 = Release|ARM
		{67CD593F-246C-41B1-AAC4-74403428A9FD}.Release|iPhone.ActiveCfg = Release|x86
		{67CD593F-246C-41B1-AAC4-74403428A9FD}.Release|iPhoneSimulator.ActiveCfg = Release|x86
		{67CD593F-246C-41B1-AAC4-74403428A9FD}.Release|x64.ActiveCfg = Release|x64
		{67CD593F-246C-41B1-AAC4-74403428A9FD}.Release|x64.Build.0 = Release|x64
		{67CD593F-246C-41B1-AAC4-74403428A9FD}.Release|x64.Deploy.0 = Release|x64
		{67CD593F-246C-41B1-AAC4-74403428A9FD}.Release|x86.ActiveCfg = Release|x86
		{67CD593F-246C-41B1-AAC4-74403428A9FD}.Release|x86.Build.0 = Release|x86
		{67CD593F-246C-41B1-AAC4-74403428A9FD}.Release|x86.Deploy.0 = Release|x86
		{08E81BDF-EE54-4980-9B52-014A0CB956F3}.Debug|Any CPU.ActiveCfg = Debug|Any CPU
		{08E81BDF-EE54-4980-9B52-014A0CB956F3}.Debug|Any CPU.Build.0 = Debug|Any CPU
		{08E81BDF-EE54-4980-9B52-014A0CB956F3}.Debug|Any CPU.Deploy.0 = Debug|Any CPU
		{08E81BDF-EE54-4980-9B52-014A0CB956F3}.Debug|ARM.ActiveCfg = Debug|Any CPU
		{08E81BDF-EE54-4980-9B52-014A0CB956F3}.Debug|ARM.Build.0 = Debug|Any CPU
		{08E81BDF-EE54-4980-9B52-014A0CB956F3}.Debug|ARM.Deploy.0 = Debug|Any CPU
		{08E81BDF-EE54-4980-9B52-014A0CB956F3}.Debug|iPhone.ActiveCfg = Debug|Any CPU
		{08E81BDF-EE54-4980-9B52-014A0CB956F3}.Debug|iPhone.Build.0 = Debug|Any CPU
		{08E81BDF-EE54-4980-9B52-014A0CB956F3}.Debug|iPhone.Deploy.0 = Debug|Any CPU
		{08E81BDF-EE54-4980-9B52-014A0CB956F3}.Debug|iPhoneSimulator.ActiveCfg = Debug|Any CPU
		{08E81BDF-EE54-4980-9B52-014A0CB956F3}.Debug|iPhoneSimulator.Build.0 = Debug|Any CPU
		{08E81BDF-EE54-4980-9B52-014A0CB956F3}.Debug|iPhoneSimulator.Deploy.0 = Debug|Any CPU
		{08E81BDF-EE54-4980-9B52-014A0CB956F3}.Debug|x64.ActiveCfg = Debug|Any CPU
		{08E81BDF-EE54-4980-9B52-014A0CB956F3}.Debug|x64.Build.0 = Debug|Any CPU
		{08E81BDF-EE54-4980-9B52-014A0CB956F3}.Debug|x64.Deploy.0 = Debug|Any CPU
		{08E81BDF-EE54-4980-9B52-014A0CB956F3}.Debug|x86.ActiveCfg = Debug|Any CPU
		{08E81BDF-EE54-4980-9B52-014A0CB956F3}.Debug|x86.Build.0 = Debug|Any CPU
		{08E81BDF-EE54-4980-9B52-014A0CB956F3}.Debug|x86.Deploy.0 = Debug|Any CPU
		{08E81BDF-EE54-4980-9B52-014A0CB956F3}.Release|Any CPU.ActiveCfg = Release|Any CPU
		{08E81BDF-EE54-4980-9B52-014A0CB956F3}.Release|Any CPU.Build.0 = Release|Any CPU
		{08E81BDF-EE54-4980-9B52-014A0CB956F3}.Release|Any CPU.Deploy.0 = Release|Any CPU
		{08E81BDF-EE54-4980-9B52-014A0CB956F3}.Release|ARM.ActiveCfg = Release|Any CPU
		{08E81BDF-EE54-4980-9B52-014A0CB956F3}.Release|ARM.Build.0 = Release|Any CPU
		{08E81BDF-EE54-4980-9B52-014A0CB956F3}.Release|ARM.Deploy.0 = Release|Any CPU
		{08E81BDF-EE54-4980-9B52-014A0CB956F3}.Release|iPhone.ActiveCfg = Release|Any CPU
		{08E81BDF-EE54-4980-9B52-014A0CB956F3}.Release|iPhone.Build.0 = Release|Any CPU
		{08E81BDF-EE54-4980-9B52-014A0CB956F3}.Release|iPhone.Deploy.0 = Release|Any CPU
		{08E81BDF-EE54-4980-9B52-014A0CB956F3}.Release|iPhoneSimulator.ActiveCfg = Release|Any CPU
		{08E81BDF-EE54-4980-9B52-014A0CB956F3}.Release|iPhoneSimulator.Build.0 = Release|Any CPU
		{08E81BDF-EE54-4980-9B52-014A0CB956F3}.Release|iPhoneSimulator.Deploy.0 = Release|Any CPU
		{08E81BDF-EE54-4980-9B52-014A0CB956F3}.Release|x64.ActiveCfg = Release|Any CPU
		{08E81BDF-EE54-4980-9B52-014A0CB956F3}.Release|x64.Build.0 = Release|Any CPU
		{08E81BDF-EE54-4980-9B52-014A0CB956F3}.Release|x64.Deploy.0 = Release|Any CPU
		{08E81BDF-EE54-4980-9B52-014A0CB956F3}.Release|x86.ActiveCfg = Release|Any CPU
		{08E81BDF-EE54-4980-9B52-014A0CB956F3}.Release|x86.Build.0 = Release|Any CPU
		{08E81BDF-EE54-4980-9B52-014A0CB956F3}.Release|x86.Deploy.0 = Release|Any CPU
		{1A1D9960-77DC-4616-BE52-591285FF00FD}.Debug|Any CPU.ActiveCfg = Debug|iPhoneSimulator
		{1A1D9960-77DC-4616-BE52-591285FF00FD}.Debug|ARM.ActiveCfg = Debug|iPhoneSimulator
		{1A1D9960-77DC-4616-BE52-591285FF00FD}.Debug|iPhone.ActiveCfg = Debug|iPhone
		{1A1D9960-77DC-4616-BE52-591285FF00FD}.Debug|iPhone.Build.0 = Debug|iPhone
		{1A1D9960-77DC-4616-BE52-591285FF00FD}.Debug|iPhoneSimulator.ActiveCfg = Debug|iPhoneSimulator
		{1A1D9960-77DC-4616-BE52-591285FF00FD}.Debug|iPhoneSimulator.Build.0 = Debug|iPhoneSimulator
		{1A1D9960-77DC-4616-BE52-591285FF00FD}.Debug|x64.ActiveCfg = Debug|iPhoneSimulator
		{1A1D9960-77DC-4616-BE52-591285FF00FD}.Debug|x86.ActiveCfg = Debug|iPhoneSimulator
		{1A1D9960-77DC-4616-BE52-591285FF00FD}.Release|Any CPU.ActiveCfg = Release|iPhoneSimulator
		{1A1D9960-77DC-4616-BE52-591285FF00FD}.Release|ARM.ActiveCfg = Release|iPhoneSimulator
		{1A1D9960-77DC-4616-BE52-591285FF00FD}.Release|iPhone.ActiveCfg = Release|iPhone
		{1A1D9960-77DC-4616-BE52-591285FF00FD}.Release|iPhone.Build.0 = Release|iPhone
		{1A1D9960-77DC-4616-BE52-591285FF00FD}.Release|iPhoneSimulator.ActiveCfg = Release|iPhoneSimulator
		{1A1D9960-77DC-4616-BE52-591285FF00FD}.Release|iPhoneSimulator.Build.0 = Release|iPhoneSimulator
		{1A1D9960-77DC-4616-BE52-591285FF00FD}.Release|x64.ActiveCfg = Release|iPhoneSimulator
		{1A1D9960-77DC-4616-BE52-591285FF00FD}.Release|x86.ActiveCfg = Release|iPhoneSimulator
		{6280EB7B-D00C-4834-A69B-7C6853CB21F6}.Debug|Any CPU.ActiveCfg = Debug|Any CPU
		{6280EB7B-D00C-4834-A69B-7C6853CB21F6}.Debug|Any CPU.Build.0 = Debug|Any CPU
		{6280EB7B-D00C-4834-A69B-7C6853CB21F6}.Debug|ARM.ActiveCfg = Debug|Any CPU
		{6280EB7B-D00C-4834-A69B-7C6853CB21F6}.Debug|ARM.Build.0 = Debug|Any CPU
		{6280EB7B-D00C-4834-A69B-7C6853CB21F6}.Debug|iPhone.ActiveCfg = Debug|Any CPU
		{6280EB7B-D00C-4834-A69B-7C6853CB21F6}.Debug|iPhone.Build.0 = Debug|Any CPU
		{6280EB7B-D00C-4834-A69B-7C6853CB21F6}.Debug|iPhoneSimulator.ActiveCfg = Debug|Any CPU
		{6280EB7B-D00C-4834-A69B-7C6853CB21F6}.Debug|iPhoneSimulator.Build.0 = Debug|Any CPU
		{6280EB7B-D00C-4834-A69B-7C6853CB21F6}.Debug|x64.ActiveCfg = Debug|Any CPU
		{6280EB7B-D00C-4834-A69B-7C6853CB21F6}.Debug|x64.Build.0 = Debug|Any CPU
		{6280EB7B-D00C-4834-A69B-7C6853CB21F6}.Debug|x86.ActiveCfg = Debug|Any CPU
		{6280EB7B-D00C-4834-A69B-7C6853CB21F6}.Debug|x86.Build.0 = Debug|Any CPU
		{6280EB7B-D00C-4834-A69B-7C6853CB21F6}.Release|Any CPU.ActiveCfg = Release|Any CPU
		{6280EB7B-D00C-4834-A69B-7C6853CB21F6}.Release|Any CPU.Build.0 = Release|Any CPU
		{6280EB7B-D00C-4834-A69B-7C6853CB21F6}.Release|ARM.ActiveCfg = Release|Any CPU
		{6280EB7B-D00C-4834-A69B-7C6853CB21F6}.Release|ARM.Build.0 = Release|Any CPU
		{6280EB7B-D00C-4834-A69B-7C6853CB21F6}.Release|iPhone.ActiveCfg = Release|Any CPU
		{6280EB7B-D00C-4834-A69B-7C6853CB21F6}.Release|iPhone.Build.0 = Release|Any CPU
		{6280EB7B-D00C-4834-A69B-7C6853CB21F6}.Release|iPhoneSimulator.ActiveCfg = Release|Any CPU
		{6280EB7B-D00C-4834-A69B-7C6853CB21F6}.Release|iPhoneSimulator.Build.0 = Release|Any CPU
		{6280EB7B-D00C-4834-A69B-7C6853CB21F6}.Release|x64.ActiveCfg = Release|Any CPU
		{6280EB7B-D00C-4834-A69B-7C6853CB21F6}.Release|x64.Build.0 = Release|Any CPU
		{6280EB7B-D00C-4834-A69B-7C6853CB21F6}.Release|x86.ActiveCfg = Release|Any CPU
		{6280EB7B-D00C-4834-A69B-7C6853CB21F6}.Release|x86.Build.0 = Release|Any CPU
	EndGlobalSection
	GlobalSection(SolutionProperties) = preSolution
		HideSolutionNode = FALSE
	EndGlobalSection
	GlobalSection(NestedProjects) = preSolution
		{9AC6FFF3-A4E4-4AAF-8072-0008DC623DDE} = {07CD369C-AA0B-42ED-A22E-0CF60CB75B14}
		{0765B6A9-2055-455F-864C-74DCFC6C04FC} = {4EDD3E3C-6D86-4FC3-927A-E5861888946B}
		{67CD593F-246C-41B1-AAC4-74403428A9FD} = {591204F8-5392-4CC3-8266-BD0A668A46CE}
		{08E81BDF-EE54-4980-9B52-014A0CB956F3} = {591204F8-5392-4CC3-8266-BD0A668A46CE}
		{1A1D9960-77DC-4616-BE52-591285FF00FD} = {591204F8-5392-4CC3-8266-BD0A668A46CE}
		{6280EB7B-D00C-4834-A69B-7C6853CB21F6} = {591204F8-5392-4CC3-8266-BD0A668A46CE}
	EndGlobalSection
	GlobalSection(ExtensibilityGlobals) = postSolution
		SolutionGuid = {F7B7C1A0-22D9-4F84-83D5-392E0FB18F30}
	EndGlobalSection
EndGlobal
